
Microsoft Visual Studio Solution File, Format Version 12.00
# Visual Studio Version 17
VisualStudioVersion = 17.4.33110.190
MinimumVisualStudioVersion = 10.0.40219.1
Project("{9A19103F-16F7-4668-BE54-9A1E7A4F7556}") = "Cap3", "Cap3\Cap3.csproj", "{CEDCEF83-AAC0-4590-8D84-6B0406267C00}"
EndProject
Project("{9A19103F-16F7-4668-BE54-9A1E7A4F7556}") = "Cap4", "Cap4\Cap4.csproj", "{F22D8CAF-7D58-4BD5-B4A9-3D3B10EBA6C2}"
EndProject
Project("{9A19103F-16F7-4668-BE54-9A1E7A4F7556}") = "Cap2", "Cap2\Cap2.csproj", "{CB6CA2AE-965B-4A14-AE2D-DBE32FA40A3A}"
EndProject
Project("{FAE04EC0-301F-11D3-BF4B-00C04F79EFBC}") = "Cap5", "Cap5\Cap5.csproj", "{20205F5A-7721-41B4-BC4B-ED27DDE68DF4}"
EndProject
Global
	GlobalSection(SolutionConfigurationPlatforms) = preSolution
		Debug|Any CPU = Debug|Any CPU
		Debug|x64 = Debug|x64
		Release|Any CPU = Release|Any CPU
		Release|x64 = Release|x64
	EndGlobalSection
	GlobalSection(ProjectConfigurationPlatforms) = postSolution
		{CEDCEF83-AAC0-4590-8D84-6B0406267C00}.Debug|Any CPU.ActiveCfg = Debug|Any CPU
		{CEDCEF83-AAC0-4590-8D84-6B0406267C00}.Debug|Any CPU.Build.0 = Debug|Any CPU
		{CEDCEF83-AAC0-4590-8D84-6B0406267C00}.Debug|x64.ActiveCfg = Debug|Any CPU
		{CEDCEF83-AAC0-4590-8D84-6B0406267C00}.Debug|x64.Build.0 = Debug|Any CPU
		{CEDCEF83-AAC0-4590-8D84-6B0406267C00}.Release|Any CPU.ActiveCfg = Release|Any CPU
		{CEDCEF83-AAC0-4590-8D84-6B0406267C00}.Release|Any CPU.Build.0 = Release|Any CPU
		{CEDCEF83-AAC0-4590-8D84-6B0406267C00}.Release|x64.ActiveCfg = Release|Any CPU
		{CEDCEF83-AAC0-4590-8D84-6B0406267C00}.Release|x64.Build.0 = Release|Any CPU
		{F22D8CAF-7D58-4BD5-B4A9-3D3B10EBA6C2}.Debug|Any CPU.ActiveCfg = Debug|Any CPU
		{F22D8CAF-7D58-4BD5-B4A9-3D3B10EBA6C2}.Debug|Any CPU.Build.0 = Debug|Any CPU
		{F22D8CAF-7D58-4BD5-B4A9-3D3B10EBA6C2}.Debug|x64.ActiveCfg = Debug|Any CPU
		{F22D8CAF-7D58-4BD5-B4A9-3D3B10EBA6C2}.Debug|x64.Build.0 = Debug|Any CPU
		{F22D8CAF-7D58-4BD5-B4A9-3D3B10EBA6C2}.Release|Any CPU.ActiveCfg = Release|Any CPU
		{F22D8CAF-7D58-4BD5-B4A9-3D3B10EBA6C2}.Release|Any CPU.Build.0 = Release|Any CPU
		{F22D8CAF-7D58-4BD5-B4A9-3D3B10EBA6C2}.Release|x64.ActiveCfg = Release|Any CPU
		{F22D8CAF-7D58-4BD5-B4A9-3D3B10EBA6C2}.Release|x64.Build.0 = Release|Any CPU
		{CB6CA2AE-965B-4A14-AE2D-DBE32FA40A3A}.Debug|Any CPU.ActiveCfg = Debug|Any CPU
		{CB6CA2AE-965B-4A14-AE2D-DBE32FA40A3A}.Debug|Any CPU.Build.0 = Debug|Any CPU
		{CB6CA2AE-965B-4A14-AE2D-DBE32FA40A3A}.Debug|x64.ActiveCfg = Debug|Any CPU
		{CB6CA2AE-965B-4A14-AE2D-DBE32FA40A3A}.Debug|x64.Build.0 = Debug|Any CPU
		{CB6CA2AE-965B-4A14-AE2D-DBE32FA40A3A}.Release|Any CPU.ActiveCfg = Release|Any CPU
		{CB6CA2AE-965B-4A14-AE2D-DBE32FA40A3A}.Release|Any CPU.Build.0 = Release|Any CPU
		{CB6CA2AE-965B-4A14-AE2D-DBE32FA40A3A}.Release|x64.ActiveCfg = Release|Any CPU
		{CB6CA2AE-965B-4A14-AE2D-DBE32FA40A3A}.Release|x64.Build.0 = Release|Any CPU
		{20205F5A-7721-41B4-BC4B-ED27DDE68DF4}.Debug|Any CPU.ActiveCfg = Debug|Any CPU
		{20205F5A-7721-41B4-BC4B-ED27DDE68DF4}.Debug|Any CPU.Build.0 = Debug|Any CPU
		{20205F5A-7721-41B4-BC4B-ED27DDE68DF4}.Debug|x64.ActiveCfg = Debug|Any CPU
		{20205F5A-7721-41B4-BC4B-ED27DDE68DF4}.Debug|x64.Build.0 = Debug|Any CPU
		{20205F5A-7721-41B4-BC4B-ED27DDE68DF4}.Release|Any CPU.ActiveCfg = Release|Any CPU
		{20205F5A-7721-41B4-BC4B-ED27DDE68DF4}.Release|Any CPU.Build.0 = Release|Any CPU
		{20205F5A-7721-41B4-BC4B-ED27DDE68DF4}.Release|x64.ActiveCfg = Release|Any CPU
		{20205F5A-7721-41B4-BC4B-ED27DDE68DF4}.Release|x64.Build.0 = Release|Any CPU
	EndGlobalSection
	GlobalSection(SolutionProperties) = preSolution
		HideSolutionNode = FALSE
	EndGlobalSection
	GlobalSection(ExtensibilityGlobals) = postSolution
		SolutionGuid = {5170D19D-08E6-4CDE-9D5F-A1CD0FF7F4DB}
	EndGlobalSection
EndGlobal
